
Microsoft Visual Studio Solution File, Format Version 12.00
# Visual Studio Version 16
VisualStudioVersion = 16.0.31727.386
MinimumVisualStudioVersion = 10.0.40219.1
Project("{FAE04EC0-301F-11D3-BF4B-00C04F79EFBC}") = "WebApp_Mappe2", "WebApp_Mappe2\WebApp_Mappe2.csproj", "{8A26CBB0-547D-4B35-A0C3-007418F2E241}"
EndProject
Global
	GlobalSection(SolutionConfigurationPlatforms) = preSolution
		Debug|Any CPU = Debug|Any CPU
		Release|Any CPU = Release|Any CPU
	EndGlobalSection
	GlobalSection(ProjectConfigurationPlatforms) = postSolution
		{8A26CBB0-547D-4B35-A0C3-007418F2E241}.Debug|Any CPU.ActiveCfg = Debug|Any CPU
		{8A26CBB0-547D-4B35-A0C3-007418F2E241}.Debug|Any CPU.Build.0 = Debug|Any CPU
		{8A26CBB0-547D-4B35-A0C3-007418F2E241}.Release|Any CPU.ActiveCfg = Release|Any CPU
		{8A26CBB0-547D-4B35-A0C3-007418F2E241}.Release|Any CPU.Build.0 = Release|Any CPU
	EndGlobalSection
	GlobalSection(SolutionProperties) = preSolution
		HideSolutionNode = FALSE
	EndGlobalSection
	GlobalSection(ExtensibilityGlobals) = postSolution
		SolutionGuid = {875F8D56-2170-4E7B-8501-8CC5248E35FE}
	EndGlobalSection
EndGlobal
